
Microsoft Visual Studio Solution File, Format Version 12.00
# Visual Studio 15
VisualStudioVersion = 15.0.28010.2050
MinimumVisualStudioVersion = 10.0.40219.1
Project("{9A19103F-16F7-4668-BE54-9A1E7A4F7556}") = "NC_Monitoring", "NC_Monitoring\NC_Monitoring.csproj", "{F8ADB388-0FB2-419B-8F94-92B36016D167}"
EndProject
Project("{9A19103F-16F7-4668-BE54-9A1E7A4F7556}") = "NC_Monitoring.Data", "NC_Monitoring.Data\NC_Monitoring.Data.csproj", "{5B82DCDD-F0AE-4224-864F-5EFAE8FCDDD1}"
EndProject
Project("{9A19103F-16F7-4668-BE54-9A1E7A4F7556}") = "NC_Monitoring.Business", "NC_Monitoring.Business\NC_Monitoring.Business.csproj", "{D8058C9C-86BC-4F50-B188-9A494E4A635A}"
EndProject
Global
	GlobalSection(SolutionConfigurationPlatforms) = preSolution
		Debug|Any CPU = Debug|Any CPU
		Release|Any CPU = Release|Any CPU
	EndGlobalSection
	GlobalSection(ProjectConfigurationPlatforms) = postSolution
		{F8ADB388-0FB2-419B-8F94-92B36016D167}.Debug|Any CPU.ActiveCfg = Debug|Any CPU
		{F8ADB388-0FB2-419B-8F94-92B36016D167}.Debug|Any CPU.Build.0 = Debug|Any CPU
		{F8ADB388-0FB2-419B-8F94-92B36016D167}.Release|Any CPU.ActiveCfg = Release|Any CPU
		{F8ADB388-0FB2-419B-8F94-92B36016D167}.Release|Any CPU.Build.0 = Release|Any CPU
		{5B82DCDD-F0AE-4224-864F-5EFAE8FCDDD1}.Debug|Any CPU.ActiveCfg = Debug|Any CPU
		{5B82DCDD-F0AE-4224-864F-5EFAE8FCDDD1}.Debug|Any CPU.Build.0 = Debug|Any CPU
		{5B82DCDD-F0AE-4224-864F-5EFAE8FCDDD1}.Release|Any CPU.ActiveCfg = Release|Any CPU
		{5B82DCDD-F0AE-4224-864F-5EFAE8FCDDD1}.Release|Any CPU.Build.0 = Release|Any CPU
		{D8058C9C-86BC-4F50-B188-9A494E4A635A}.Debug|Any CPU.ActiveCfg = Debug|Any CPU
		{D8058C9C-86BC-4F50-B188-9A494E4A635A}.Debug|Any CPU.Build.0 = Debug|Any CPU
		{D8058C9C-86BC-4F50-B188-9A494E4A635A}.Release|Any CPU.ActiveCfg = Release|Any CPU
		{D8058C9C-86BC-4F50-B188-9A494E4A635A}.Release|Any CPU.Build.0 = Release|Any CPU
	EndGlobalSection
	GlobalSection(SolutionProperties) = preSolution
		HideSolutionNode = FALSE
	EndGlobalSection
	GlobalSection(ExtensibilityGlobals) = postSolution
		SolutionGuid = {1131D301-0B1A-448E-ABD3-EAC0137F5C3F}
	EndGlobalSection
EndGlobal
